// !$*UTF8*$!
{
	archiveVersion = 1;
	classes = {
	};
	objectVersion = 56;
	objects = {

/* Begin PBXBuildFile section */
		1B39DCE729CA7CD800FA619A /* HomeViewController.swift in Sources */ = {isa = PBXBuildFile; fileRef = 1B39DCE629CA7CD800FA619A /* HomeViewController.swift */; };
		1B39DCE929CA7F5100FA619A /* HomeScreenView.swift in Sources */ = {isa = PBXBuildFile; fileRef = 1B39DCE829CA7F5100FA619A /* HomeScreenView.swift */; };
		1B39DCEC29CA9A4500FA619A /* FSCalendar in Frameworks */ = {isa = PBXBuildFile; productRef = 1B39DCEB29CA9A4500FA619A /* FSCalendar */; };
		1B39DCEE29CA9D3A00FA619A /* SchedulingScreenView.swift in Sources */ = {isa = PBXBuildFile; fileRef = 1B39DCED29CA9D3A00FA619A /* SchedulingScreenView.swift */; };
		1B39DCF029CA9FBE00FA619A /* HomeCollectionViewCell.swift in Sources */ = {isa = PBXBuildFile; fileRef = 1B39DCEF29CA9FBD00FA619A /* HomeCollectionViewCell.swift */; };
		1B51960C29CCBB5600B44F3B /* BaseViewCell.swift in Sources */ = {isa = PBXBuildFile; fileRef = 1B51960B29CCBB5600B44F3B /* BaseViewCell.swift */; };
		1B51960F29CCC1CC00B44F3B /* BaseView.swift in Sources */ = {isa = PBXBuildFile; fileRef = 1B51960E29CCC1CC00B44F3B /* BaseView.swift */; };
		1B5248E429C9327D00227B8B /* AppDelegate.swift in Sources */ = {isa = PBXBuildFile; fileRef = 1B5248E329C9327D00227B8B /* AppDelegate.swift */; };
		1B5248E629C9327D00227B8B /* SceneDelegate.swift in Sources */ = {isa = PBXBuildFile; fileRef = 1B5248E529C9327D00227B8B /* SceneDelegate.swift */; };
		1B5248E829C9327D00227B8B /* LoginViewController.swift in Sources */ = {isa = PBXBuildFile; fileRef = 1B5248E729C9327D00227B8B /* LoginViewController.swift */; };
		1B5248EE29C9327D00227B8B /* BeatifulDay.xcdatamodeld in Sources */ = {isa = PBXBuildFile; fileRef = 1B5248EC29C9327D00227B8B /* BeatifulDay.xcdatamodeld */; };
		1B5248F029C9328000227B8B /* Assets.xcassets in Resources */ = {isa = PBXBuildFile; fileRef = 1B5248EF29C9328000227B8B /* Assets.xcassets */; };
		1B5248F329C9328000227B8B /* LaunchScreen.storyboard in Resources */ = {isa = PBXBuildFile; fileRef = 1B5248F129C9328000227B8B /* LaunchScreen.storyboard */; };
		1B52490229C93AE400227B8B /* LoginScreenView.swift in Sources */ = {isa = PBXBuildFile; fileRef = 1B52490129C93AE400227B8B /* LoginScreenView.swift */; };
		1B52490529C93B6900227B8B /* SnapKit in Frameworks */ = {isa = PBXBuildFile; productRef = 1B52490429C93B6900227B8B /* SnapKit */; };
/* End PBXBuildFile section */

/* Begin PBXFileReference section */
		1B39DCE629CA7CD800FA619A /* HomeViewController.swift */ = {isa = PBXFileReference; lastKnownFileType = sourcecode.swift; path = HomeViewController.swift; sourceTree = "<group>"; };
		1B39DCE829CA7F5100FA619A /* HomeScreenView.swift */ = {isa = PBXFileReference; lastKnownFileType = sourcecode.swift; path = HomeScreenView.swift; sourceTree = "<group>"; };
		1B39DCED29CA9D3A00FA619A /* SchedulingScreenView.swift */ = {isa = PBXFileReference; lastKnownFileType = sourcecode.swift; path = SchedulingScreenView.swift; sourceTree = "<group>"; };
		1B39DCEF29CA9FBD00FA619A /* HomeCollectionViewCell.swift */ = {isa = PBXFileReference; fileEncoding = 4; lastKnownFileType = sourcecode.swift; path = HomeCollectionViewCell.swift; sourceTree = "<group>"; };
		1B51960B29CCBB5600B44F3B /* BaseViewCell.swift */ = {isa = PBXFileReference; lastKnownFileType = sourcecode.swift; path = BaseViewCell.swift; sourceTree = "<group>"; };
		1B51960E29CCC1CC00B44F3B /* BaseView.swift */ = {isa = PBXFileReference; lastKnownFileType = sourcecode.swift; path = BaseView.swift; sourceTree = "<group>"; };
		1B5248E029C9327C00227B8B /* BeatifulDay.app */ = {isa = PBXFileReference; explicitFileType = wrapper.application; includeInIndex = 0; path = BeatifulDay.app; sourceTree = BUILT_PRODUCTS_DIR; };
		1B5248E329C9327D00227B8B /* AppDelegate.swift */ = {isa = PBXFileReference; lastKnownFileType = sourcecode.swift; path = AppDelegate.swift; sourceTree = "<group>"; };
		1B5248E529C9327D00227B8B /* SceneDelegate.swift */ = {isa = PBXFileReference; lastKnownFileType = sourcecode.swift; path = SceneDelegate.swift; sourceTree = "<group>"; };
		1B5248E729C9327D00227B8B /* LoginViewController.swift */ = {isa = PBXFileReference; lastKnownFileType = sourcecode.swift; path = LoginViewController.swift; sourceTree = "<group>"; };
		1B5248ED29C9327D00227B8B /* BeatifulDay.xcdatamodel */ = {isa = PBXFileReference; lastKnownFileType = wrapper.xcdatamodel; path = BeatifulDay.xcdatamodel; sourceTree = "<group>"; };
		1B5248EF29C9328000227B8B /* Assets.xcassets */ = {isa = PBXFileReference; lastKnownFileType = folder.assetcatalog; path = Assets.xcassets; sourceTree = "<group>"; };
		1B5248F229C9328000227B8B /* Base */ = {isa = PBXFileReference; lastKnownFileType = file.storyboard; name = Base; path = Base.lproj/LaunchScreen.storyboard; sourceTree = "<group>"; };
		1B5248F429C9328000227B8B /* Info.plist */ = {isa = PBXFileReference; lastKnownFileType = text.plist.xml; path = Info.plist; sourceTree = "<group>"; };
		1B52490129C93AE400227B8B /* LoginScreenView.swift */ = {isa = PBXFileReference; lastKnownFileType = sourcecode.swift; path = LoginScreenView.swift; sourceTree = "<group>"; };
/* End PBXFileReference section */

/* Begin PBXFrameworksBuildPhase section */
		1B5248DD29C9327C00227B8B /* Frameworks */ = {
			isa = PBXFrameworksBuildPhase;
			buildActionMask = 2147483647;
			files = (
				1B52490529C93B6900227B8B /* SnapKit in Frameworks */,
				1B39DCEC29CA9A4500FA619A /* FSCalendar in Frameworks */,
			);
			runOnlyForDeploymentPostprocessing = 0;
		};
/* End PBXFrameworksBuildPhase section */

/* Begin PBXGroup section */
		1B51960A29CCBB4600B44F3B /* Bases */ = {
			isa = PBXGroup;
			children = (
				1B51960B29CCBB5600B44F3B /* BaseViewCell.swift */,
				1B51960E29CCC1CC00B44F3B /* BaseView.swift */,
			);
			path = Bases;
			sourceTree = "<group>";
		};
		1B51960D29CCBC5B00B44F3B /* Cell */ = {
			isa = PBXGroup;
			children = (
				1B39DCEF29CA9FBD00FA619A /* HomeCollectionViewCell.swift */,
			);
			path = Cell;
			sourceTree = "<group>";
		};
		1B5248D729C9327C00227B8B = {
			isa = PBXGroup;
			children = (
				1B5248E229C9327C00227B8B /* BeatifulDay */,
				1B5248E129C9327C00227B8B /* Products */,
			);
			sourceTree = "<group>";
		};
		1B5248E129C9327C00227B8B /* Products */ = {
			isa = PBXGroup;
			children = (
				1B5248E029C9327C00227B8B /* BeatifulDay.app */,
			);
			name = Products;
			sourceTree = "<group>";
		};
		1B5248E229C9327C00227B8B /* BeatifulDay */ = {
			isa = PBXGroup;
			children = (
				1B52490029C93A5800227B8B /* Network */,
				1B5248FF29C93A4B00227B8B /* Sources */,
				1B5248FE29C93A3A00227B8B /* Delegate */,
				1B5248FC29C93A1C00227B8B /* ViewModel */,
				1B5248FB29C93A1200227B8B /* Model */,
				1B5248FA29C93A0C00227B8B /* View */,
				1B5248F429C9328000227B8B /* Info.plist */,
				1B5248EC29C9327D00227B8B /* BeatifulDay.xcdatamodeld */,
			);
			path = BeatifulDay;
			sourceTree = "<group>";
		};
		1B5248FA29C93A0C00227B8B /* View */ = {
			isa = PBXGroup;
			children = (
				1B51960A29CCBB4600B44F3B /* Bases */,
				1B51960D29CCBC5B00B44F3B /* Cell */,
				1B5248FD29C93A2200227B8B /* Controller */,
				1B39DCED29CA9D3A00FA619A /* SchedulingScreenView.swift */,
				1B52490129C93AE400227B8B /* LoginScreenView.swift */,
				1B39DCE829CA7F5100FA619A /* HomeScreenView.swift */,
			);
			path = View;
			sourceTree = "<group>";
		};
		1B5248FB29C93A1200227B8B /* Model */ = {
			isa = PBXGroup;
			children = (
			);
			path = Model;
			sourceTree = "<group>";
		};
		1B5248FC29C93A1C00227B8B /* ViewModel */ = {
			isa = PBXGroup;
			children = (
			);
			path = ViewModel;
			sourceTree = "<group>";
		};
		1B5248FD29C93A2200227B8B /* Controller */ = {
			isa = PBXGroup;
			children = (
				1B5248E729C9327D00227B8B /* LoginViewController.swift */,
				1B39DCE629CA7CD800FA619A /* HomeViewController.swift */,
			);
			path = Controller;
			sourceTree = "<group>";
		};
		1B5248FE29C93A3A00227B8B /* Delegate */ = {
			isa = PBXGroup;
			children = (
				1B5248E529C9327D00227B8B /* SceneDelegate.swift */,
				1B5248E329C9327D00227B8B /* AppDelegate.swift */,
			);
			path = Delegate;
			sourceTree = "<group>";
		};
		1B5248FF29C93A4B00227B8B /* Sources */ = {
			isa = PBXGroup;
			children = (
				1B5248F129C9328000227B8B /* LaunchScreen.storyboard */,
				1B5248EF29C9328000227B8B /* Assets.xcassets */,
			);
			path = Sources;
			sourceTree = "<group>";
		};
		1B52490029C93A5800227B8B /* Network */ = {
			isa = PBXGroup;
			children = (
			);
			path = Network;
			sourceTree = "<group>";
		};
/* End PBXGroup section */

/* Begin PBXNativeTarget section */
		1B5248DF29C9327C00227B8B /* BeatifulDay */ = {
			isa = PBXNativeTarget;
			buildConfigurationList = 1B5248F729C9328000227B8B /* Build configuration list for PBXNativeTarget "BeatifulDay" */;
			buildPhases = (
				1B5248DC29C9327C00227B8B /* Sources */,
				1B5248DD29C9327C00227B8B /* Frameworks */,
				1B5248DE29C9327C00227B8B /* Resources */,
			);
			buildRules = (
			);
			dependencies = (
			);
			name = BeatifulDay;
			packageProductDependencies = (
				1B52490429C93B6900227B8B /* SnapKit */,
				1B39DCEB29CA9A4500FA619A /* FSCalendar */,
			);
			productName = BeatifulDay;
			productReference = 1B5248E029C9327C00227B8B /* BeatifulDay.app */;
			productType = "com.apple.product-type.application";
		};
/* End PBXNativeTarget section */

/* Begin PBXProject section */
		1B5248D829C9327C00227B8B /* Project object */ = {
			isa = PBXProject;
			attributes = {
				BuildIndependentTargetsInParallel = 1;
				LastSwiftUpdateCheck = 1420;
				LastUpgradeCheck = 1420;
				TargetAttributes = {
					1B5248DF29C9327C00227B8B = {
						CreatedOnToolsVersion = 14.2;
					};
				};
			};
			buildConfigurationList = 1B5248DB29C9327C00227B8B /* Build configuration list for PBXProject "BeatifulDay" */;
			compatibilityVersion = "Xcode 14.0";
			developmentRegion = en;
			hasScannedForEncodings = 0;
			knownRegions = (
				en,
				Base,
			);
			mainGroup = 1B5248D729C9327C00227B8B;
			packageReferences = (
				1B52490329C93B6900227B8B /* XCRemoteSwiftPackageReference "SnapKit" */,
				1B39DCEA29CA9A4500FA619A /* XCRemoteSwiftPackageReference "FSCalendar" */,
			);
			productRefGroup = 1B5248E129C9327C00227B8B /* Products */;
			projectDirPath = "";
			projectRoot = "";
			targets = (
				1B5248DF29C9327C00227B8B /* BeatifulDay */,
			);
		};
/* End PBXProject section */

/* Begin PBXResourcesBuildPhase section */
		1B5248DE29C9327C00227B8B /* Resources */ = {
			isa = PBXResourcesBuildPhase;
			buildActionMask = 2147483647;
			files = (
				1B5248F329C9328000227B8B /* LaunchScreen.storyboard in Resources */,
				1B5248F029C9328000227B8B /* Assets.xcassets in Resources */,
			);
			runOnlyForDeploymentPostprocessing = 0;
		};
/* End PBXResourcesBuildPhase section */

/* Begin PBXSourcesBuildPhase section */
		1B5248DC29C9327C00227B8B /* Sources */ = {
			isa = PBXSourcesBuildPhase;
			buildActionMask = 2147483647;
			files = (
				1B5248E829C9327D00227B8B /* LoginViewController.swift in Sources */,
				1B5248E429C9327D00227B8B /* AppDelegate.swift in Sources */,
				1B5248EE29C9327D00227B8B /* BeatifulDay.xcdatamodeld in Sources */,
				1B52490229C93AE400227B8B /* LoginScreenView.swift in Sources */,
				1B5248E629C9327D00227B8B /* SceneDelegate.swift in Sources */,
				1B51960C29CCBB5600B44F3B /* BaseViewCell.swift in Sources */,
				1B39DCE929CA7F5100FA619A /* HomeScreenView.swift in Sources */,
				1B39DCF029CA9FBE00FA619A /* HomeCollectionViewCell.swift in Sources */,
				1B39DCEE29CA9D3A00FA619A /* SchedulingScreenView.swift in Sources */,
				1B51960F29CCC1CC00B44F3B /* BaseView.swift in Sources */,
				1B39DCE729CA7CD800FA619A /* HomeViewController.swift in Sources */,
			);
			runOnlyForDeploymentPostprocessing = 0;
		};
/* End PBXSourcesBuildPhase section */

/* Begin PBXVariantGroup section */
		1B5248F129C9328000227B8B /* LaunchScreen.storyboard */ = {
			isa = PBXVariantGroup;
			children = (
				1B5248F229C9328000227B8B /* Base */,
			);
			name = LaunchScreen.storyboard;
			sourceTree = "<group>";
		};
/* End PBXVariantGroup section */

/* Begin XCBuildConfiguration section */
		1B5248F529C9328000227B8B /* Debug */ = {
			isa = XCBuildConfiguration;
			buildSettings = {
				ALWAYS_SEARCH_USER_PATHS = NO;
				CLANG_ANALYZER_NONNULL = YES;
				CLANG_ANALYZER_NUMBER_OBJECT_CONVERSION = YES_AGGRESSIVE;
				CLANG_CXX_LANGUAGE_STANDARD = "gnu++20";
				CLANG_ENABLE_MODULES = YES;
				CLANG_ENABLE_OBJC_ARC = YES;
				CLANG_ENABLE_OBJC_WEAK = YES;
				CLANG_WARN_BLOCK_CAPTURE_AUTORELEASING = YES;
				CLANG_WARN_BOOL_CONVERSION = YES;
				CLANG_WARN_COMMA = YES;
				CLANG_WARN_CONSTANT_CONVERSION = YES;
				CLANG_WARN_DEPRECATED_OBJC_IMPLEMENTATIONS = YES;
				CLANG_WARN_DIRECT_OBJC_ISA_USAGE = YES_ERROR;
				CLANG_WARN_DOCUMENTATION_COMMENTS = YES;
				CLANG_WARN_EMPTY_BODY = YES;
				CLANG_WARN_ENUM_CONVERSION = YES;
				CLANG_WARN_INFINITE_RECURSION = YES;
				CLANG_WARN_INT_CONVERSION = YES;
				CLANG_WARN_NON_LITERAL_NULL_CONVERSION = YES;
				CLANG_WARN_OBJC_IMPLICIT_RETAIN_SELF = YES;
				CLANG_WARN_OBJC_LITERAL_CONVERSION = YES;
				CLANG_WARN_OBJC_ROOT_CLASS = YES_ERROR;
				CLANG_WARN_QUOTED_INCLUDE_IN_FRAMEWORK_HEADER = YES;
				CLANG_WARN_RANGE_LOOP_ANALYSIS = YES;
				CLANG_WARN_STRICT_PROTOTYPES = YES;
				CLANG_WARN_SUSPICIOUS_MOVE = YES;
				CLANG_WARN_UNGUARDED_AVAILABILITY = YES_AGGRESSIVE;
				CLANG_WARN_UNREACHABLE_CODE = YES;
				CLANG_WARN__DUPLICATE_METHOD_MATCH = YES;
				COPY_PHASE_STRIP = NO;
				DEBUG_INFORMATION_FORMAT = dwarf;
				ENABLE_STRICT_OBJC_MSGSEND = YES;
				ENABLE_TESTABILITY = YES;
				GCC_C_LANGUAGE_STANDARD = gnu11;
				GCC_DYNAMIC_NO_PIC = NO;
				GCC_NO_COMMON_BLOCKS = YES;
				GCC_OPTIMIZATION_LEVEL = 0;
				GCC_PREPROCESSOR_DEFINITIONS = (
					"DEBUG=1",
					"$(inherited)",
				);
				GCC_WARN_64_TO_32_BIT_CONVERSION = YES;
				GCC_WARN_ABOUT_RETURN_TYPE = YES_ERROR;
				GCC_WARN_UNDECLARED_SELECTOR = YES;
				GCC_WARN_UNINITIALIZED_AUTOS = YES_AGGRESSIVE;
				GCC_WARN_UNUSED_FUNCTION = YES;
				GCC_WARN_UNUSED_VARIABLE = YES;
				IPHONEOS_DEPLOYMENT_TARGET = 16.2;
				MTL_ENABLE_DEBUG_INFO = INCLUDE_SOURCE;
				MTL_FAST_MATH = YES;
				ONLY_ACTIVE_ARCH = YES;
				SDKROOT = iphoneos;
				SWIFT_ACTIVE_COMPILATION_CONDITIONS = DEBUG;
				SWIFT_OPTIMIZATION_LEVEL = "-Onone";
			};
			name = Debug;
		};
		1B5248F629C9328000227B8B /* Release */ = {
			isa = XCBuildConfiguration;
			buildSettings = {
				ALWAYS_SEARCH_USER_PATHS = NO;
				CLANG_ANALYZER_NONNULL = YES;
				CLANG_ANALYZER_NUMBER_OBJECT_CONVERSION = YES_AGGRESSIVE;
				CLANG_CXX_LANGUAGE_STANDARD = "gnu++20";
				CLANG_ENABLE_MODULES = YES;
				CLANG_ENABLE_OBJC_ARC = YES;
				CLANG_ENABLE_OBJC_WEAK = YES;
				CLANG_WARN_BLOCK_CAPTURE_AUTORELEASING = YES;
				CLANG_WARN_BOOL_CONVERSION = YES;
				CLANG_WARN_COMMA = YES;
				CLANG_WARN_CONSTANT_CONVERSION = YES;
				CLANG_WARN_DEPRECATED_OBJC_IMPLEMENTATIONS = YES;
				CLANG_WARN_DIRECT_OBJC_ISA_USAGE = YES_ERROR;
				CLANG_WARN_DOCUMENTATION_COMMENTS = YES;
				CLANG_WARN_EMPTY_BODY = YES;
				CLANG_WARN_ENUM_CONVERSION = YES;
				CLANG_WARN_INFINITE_RECURSION = YES;
				CLANG_WARN_INT_CONVERSION = YES;
				CLANG_WARN_NON_LITERAL_NULL_CONVERSION = YES;
				CLANG_WARN_OBJC_IMPLICIT_RETAIN_SELF = YES;
				CLANG_WARN_OBJC_LITERAL_CONVERSION = YES;
				CLANG_WARN_OBJC_ROOT_CLASS = YES_ERROR;
				CLANG_WARN_QUOTED_INCLUDE_IN_FRAMEWORK_HEADER = YES;
				CLANG_WARN_RANGE_LOOP_ANALYSIS = YES;
				CLANG_WARN_STRICT_PROTOTYPES = YES;
				CLANG_WARN_SUSPICIOUS_MOVE = YES;
				CLANG_WARN_UNGUARDED_AVAILABILITY = YES_AGGRESSIVE;
				CLANG_WARN_UNREACHABLE_CODE = YES;
				CLANG_WARN__DUPLICATE_METHOD_MATCH = YES;
				COPY_PHASE_STRIP = NO;
				DEBUG_INFORMATION_FORMAT = "dwarf-with-dsym";
				ENABLE_NS_ASSERTIONS = NO;
				ENABLE_STRICT_OBJC_MSGSEND = YES;
				GCC_C_LANGUAGE_STANDARD = gnu11;
				GCC_NO_COMMON_BLOCKS = YES;
				GCC_WARN_64_TO_32_BIT_CONVERSION = YES;
				GCC_WARN_ABOUT_RETURN_TYPE = YES_ERROR;
				GCC_WARN_UNDECLARED_SELECTOR = YES;
				GCC_WARN_UNINITIALIZED_AUTOS = YES_AGGRESSIVE;
				GCC_WARN_UNUSED_FUNCTION = YES;
				GCC_WARN_UNUSED_VARIABLE = YES;
				IPHONEOS_DEPLOYMENT_TARGET = 16.2;
				MTL_ENABLE_DEBUG_INFO = NO;
				MTL_FAST_MATH = YES;
				SDKROOT = iphoneos;
				SWIFT_COMPILATION_MODE = wholemodule;
				SWIFT_OPTIMIZATION_LEVEL = "-O";
				VALIDATE_PRODUCT = YES;
			};
			name = Release;
		};
		1B5248F829C9328000227B8B /* Debug */ = {
			isa = XCBuildConfiguration;
			buildSettings = {
				ASSETCATALOG_COMPILER_APPICON_NAME = AppIcon;
				ASSETCATALOG_COMPILER_GLOBAL_ACCENT_COLOR_NAME = AccentColor;
				CODE_SIGN_STYLE = Automatic;
				CURRENT_PROJECT_VERSION = 1;
				DEVELOPMENT_TEAM = 4632WH4KAM;
				GENERATE_INFOPLIST_FILE = YES;
				INFOPLIST_FILE = BeatifulDay/Info.plist;
				INFOPLIST_KEY_UIApplicationSupportsIndirectInputEvents = YES;
				INFOPLIST_KEY_UILaunchStoryboardName = LaunchScreen;
				INFOPLIST_KEY_UISupportedInterfaceOrientations_iPad = "UIInterfaceOrientationPortrait UIInterfaceOrientationPortraitUpsideDown UIInterfaceOrientationLandscapeLeft UIInterfaceOrientationLandscapeRight";
				INFOPLIST_KEY_UISupportedInterfaceOrientations_iPhone = "UIInterfaceOrientationPortrait UIInterfaceOrientationLandscapeLeft UIInterfaceOrientationLandscapeRight";
				LD_RUNPATH_SEARCH_PATHS = (
					"$(inherited)",
					"@executable_path/Frameworks",
				);
				MARKETING_VERSION = 1.0;
				PRODUCT_BUNDLE_IDENTIFIER = com.feliperama.BeatifulDay;
				PRODUCT_NAME = "$(TARGET_NAME)";
				SWIFT_EMIT_LOC_STRINGS = YES;
				SWIFT_VERSION = 5.0;
				TARGETED_DEVICE_FAMILY = "1,2";
			};
			name = Debug;
		};
		1B5248F929C9328000227B8B /* Release */ = {
			isa = XCBuildConfiguration;
			buildSettings = {
				ASSETCATALOG_COMPILER_APPICON_NAME = AppIcon;
				ASSETCATALOG_COMPILER_GLOBAL_ACCENT_COLOR_NAME = AccentColor;
				CODE_SIGN_STYLE = Automatic;
				CURRENT_PROJECT_VERSION = 1;
				DEVELOPMENT_TEAM = 4632WH4KAM;
				GENERATE_INFOPLIST_FILE = YES;
				INFOPLIST_FILE = BeatifulDay/Info.plist;
				INFOPLIST_KEY_UIApplicationSupportsIndirectInputEvents = YES;
				INFOPLIST_KEY_UILaunchStoryboardName = LaunchScreen;
				INFOPLIST_KEY_UISupportedInterfaceOrientations_iPad = "UIInterfaceOrientationPortrait UIInterfaceOrientationPortraitUpsideDown UIInterfaceOrientationLandscapeLeft UIInterfaceOrientationLandscapeRight";
				INFOPLIST_KEY_UISupportedInterfaceOrientations_iPhone = "UIInterfaceOrientationPortrait UIInterfaceOrientationLandscapeLeft UIInterfaceOrientationLandscapeRight";
				LD_RUNPATH_SEARCH_PATHS = (
					"$(inherited)",
					"@executable_path/Frameworks",
				);
				MARKETING_VERSION = 1.0;
				PRODUCT_BUNDLE_IDENTIFIER = com.feliperama.BeatifulDay;
				PRODUCT_NAME = "$(TARGET_NAME)";
				SWIFT_EMIT_LOC_STRINGS = YES;
				SWIFT_VERSION = 5.0;
				TARGETED_DEVICE_FAMILY = "1,2";
			};
			name = Release;
		};
/* End XCBuildConfiguration section */

/* Begin XCConfigurationList section */
		1B5248DB29C9327C00227B8B /* Build configuration list for PBXProject "BeatifulDay" */ = {
			isa = XCConfigurationList;
			buildConfigurations = (
				1B5248F529C9328000227B8B /* Debug */,
				1B5248F629C9328000227B8B /* Release */,
			);
			defaultConfigurationIsVisible = 0;
			defaultConfigurationName = Release;
		};
		1B5248F729C9328000227B8B /* Build configuration list for PBXNativeTarget "BeatifulDay" */ = {
			isa = XCConfigurationList;
			buildConfigurations = (
				1B5248F829C9328000227B8B /* Debug */,
				1B5248F929C9328000227B8B /* Release */,
			);
			defaultConfigurationIsVisible = 0;
			defaultConfigurationName = Release;
		};
/* End XCConfigurationList section */

/* Begin XCRemoteSwiftPackageReference section */
		1B39DCEA29CA9A4500FA619A /* XCRemoteSwiftPackageReference "FSCalendar" */ = {
			isa = XCRemoteSwiftPackageReference;
			repositoryURL = "https://github.com/WenchaoD/FSCalendar.git";
			requirement = {
				kind = upToNextMajorVersion;
				minimumVersion = 2.0.0;
			};
		};
		1B52490329C93B6900227B8B /* XCRemoteSwiftPackageReference "SnapKit" */ = {
			isa = XCRemoteSwiftPackageReference;
			repositoryURL = "https://github.com/SnapKit/SnapKit.git";
			requirement = {
				kind = upToNextMajorVersion;
				minimumVersion = 5.0.0;
			};
		};
/* End XCRemoteSwiftPackageReference section */

/* Begin XCSwiftPackageProductDependency section */
		1B39DCEB29CA9A4500FA619A /* FSCalendar */ = {
			isa = XCSwiftPackageProductDependency;
			package = 1B39DCEA29CA9A4500FA619A /* XCRemoteSwiftPackageReference "FSCalendar" */;
			productName = FSCalendar;
		};
		1B52490429C93B6900227B8B /* SnapKit */ = {
			isa = XCSwiftPackageProductDependency;
			package = 1B52490329C93B6900227B8B /* XCRemoteSwiftPackageReference "SnapKit" */;
			productName = SnapKit;
		};
/* End XCSwiftPackageProductDependency section */

/* Begin XCVersionGroup section */
		1B5248EC29C9327D00227B8B /* BeatifulDay.xcdatamodeld */ = {
			isa = XCVersionGroup;
			children = (
				1B5248ED29C9327D00227B8B /* BeatifulDay.xcdatamodel */,
			);
			currentVersion = 1B5248ED29C9327D00227B8B /* BeatifulDay.xcdatamodel */;
			path = BeatifulDay.xcdatamodeld;
			sourceTree = "<group>";
			versionGroupType = wrapper.xcdatamodel;
		};
/* End XCVersionGroup section */
	};
	rootObject = 1B5248D829C9327C00227B8B /* Project object */;
}
